
Microsoft Visual Studio Solution File, Format Version 12.00
# Visual Studio Version 17
VisualStudioVersion = 17.11.35327.3
MinimumVisualStudioVersion = 10.0.40219.1
Project("{FAE04EC0-301F-11D3-BF4B-00C04F79EFBC}") = "Lab09", "Lab09\Lab09.csproj", "{FFE802E9-F7D0-495F-BA7B-4DA50C36456E}"
EndProject
Global
	GlobalSection(SolutionConfigurationPlatforms) = preSolution
		Debug|Any CPU = Debug|Any CPU
		Release|Any CPU = Release|Any CPU
	EndGlobalSection
	GlobalSection(ProjectConfigurationPlatforms) = postSolution
		{FFE802E9-F7D0-495F-BA7B-4DA50C36456E}.Debug|Any CPU.ActiveCfg = Debug|Any CPU
		{FFE802E9-F7D0-495F-BA7B-4DA50C36456E}.Debug|Any CPU.Build.0 = Debug|Any CPU
		{FFE802E9-F7D0-495F-BA7B-4DA50C36456E}.Release|Any CPU.ActiveCfg = Release|Any CPU
		{FFE802E9-F7D0-495F-BA7B-4DA50C36456E}.Release|Any CPU.Build.0 = Release|Any CPU
	EndGlobalSection
	GlobalSection(SolutionProperties) = preSolution
		HideSolutionNode = FALSE
	EndGlobalSection
	GlobalSection(ExtensibilityGlobals) = postSolution
		SolutionGuid = {9B311E70-4CA6-4E70-B945-B7C192E1C8E5}
	EndGlobalSection
EndGlobal
